
Microsoft Visual Studio Solution File, Format Version 12.00
# Visual Studio 15
VisualStudioVersion = 15.0.28306.52
MinimumVisualStudioVersion = 10.0.40219.1
Project("{FAE04EC0-301F-11D3-BF4B-00C04F79EFBC}") = "Laba4", "Laba4\Laba4.csproj", "{990A59BF-B7D6-41F5-97C8-2DF60413F1B5}"
EndProject
Project("{FAE04EC0-301F-11D3-BF4B-00C04F79EFBC}") = "ClassLibrary1", "ClassLibrary1\ClassLibrary1.csproj", "{88D3B35B-BDCE-4883-907A-4877E5D8F2F5}"
EndProject
Global
	GlobalSection(SolutionConfigurationPlatforms) = preSolution
		Debug|Any CPU = Debug|Any CPU
		Release|Any CPU = Release|Any CPU
	EndGlobalSection
	GlobalSection(ProjectConfigurationPlatforms) = postSolution
		{990A59BF-B7D6-41F5-97C8-2DF60413F1B5}.Debug|Any CPU.ActiveCfg = Debug|Any CPU
		{990A59BF-B7D6-41F5-97C8-2DF60413F1B5}.Debug|Any CPU.Build.0 = Debug|Any CPU
		{990A59BF-B7D6-41F5-97C8-2DF60413F1B5}.Release|Any CPU.ActiveCfg = Release|Any CPU
		{990A59BF-B7D6-41F5-97C8-2DF60413F1B5}.Release|Any CPU.Build.0 = Release|Any CPU
		{88D3B35B-BDCE-4883-907A-4877E5D8F2F5}.Debug|Any CPU.ActiveCfg = Debug|Any CPU
		{88D3B35B-BDCE-4883-907A-4877E5D8F2F5}.Debug|Any CPU.Build.0 = Debug|Any CPU
		{88D3B35B-BDCE-4883-907A-4877E5D8F2F5}.Release|Any CPU.ActiveCfg = Release|Any CPU
		{88D3B35B-BDCE-4883-907A-4877E5D8F2F5}.Release|Any CPU.Build.0 = Release|Any CPU
	EndGlobalSection
	GlobalSection(SolutionProperties) = preSolution
		HideSolutionNode = FALSE
	EndGlobalSection
	GlobalSection(ExtensibilityGlobals) = postSolution
		SolutionGuid = {8515C86B-7358-4034-83F3-534F6AE4BA90}
	EndGlobalSection
EndGlobal
