
Microsoft Visual Studio Solution File, Format Version 12.00
# Visual Studio 15
VisualStudioVersion = 15.0.28306.52
MinimumVisualStudioVersion = 10.0.40219.1
Project("{FAE04EC0-301F-11D3-BF4B-00C04F79EFBC}") = "Laba5", "Laba5\Laba5.csproj", "{9EFB777F-DC36-4518-B0C9-CB5525697D3A}"
EndProject
Global
	GlobalSection(SolutionConfigurationPlatforms) = preSolution
		Debug|Any CPU = Debug|Any CPU
		Release|Any CPU = Release|Any CPU
	EndGlobalSection
	GlobalSection(ProjectConfigurationPlatforms) = postSolution
		{9EFB777F-DC36-4518-B0C9-CB5525697D3A}.Debug|Any CPU.ActiveCfg = Debug|Any CPU
		{9EFB777F-DC36-4518-B0C9-CB5525697D3A}.Debug|Any CPU.Build.0 = Debug|Any CPU
		{9EFB777F-DC36-4518-B0C9-CB5525697D3A}.Release|Any CPU.ActiveCfg = Release|Any CPU
		{9EFB777F-DC36-4518-B0C9-CB5525697D3A}.Release|Any CPU.Build.0 = Release|Any CPU
	EndGlobalSection
	GlobalSection(SolutionProperties) = preSolution
		HideSolutionNode = FALSE
	EndGlobalSection
	GlobalSection(ExtensibilityGlobals) = postSolution
		SolutionGuid = {77261BF2-63C4-4B7E-A1C1-85F84DFF5AF7}
	EndGlobalSection
EndGlobal
